
Microsoft Visual Studio Solution File, Format Version 12.00
# Visual Studio Version 17
VisualStudioVersion = 17.6.33723.286
MinimumVisualStudioVersion = 10.0.40219.1
Project("{FAE04EC0-301F-11D3-BF4B-00C04F79EFBC}") = "Acelucid", "Acelucid\Acelucid.csproj", "{65E4E1C2-B550-4636-8B6F-7356171F5A79}"
EndProject
Global
	GlobalSection(SolutionConfigurationPlatforms) = preSolution
		Debug|Any CPU = Debug|Any CPU
		Release|Any CPU = Release|Any CPU
	EndGlobalSection
	GlobalSection(ProjectConfigurationPlatforms) = postSolution
		{65E4E1C2-B550-4636-8B6F-7356171F5A79}.Debug|Any CPU.ActiveCfg = Debug|Any CPU
		{65E4E1C2-B550-4636-8B6F-7356171F5A79}.Debug|Any CPU.Build.0 = Debug|Any CPU
		{65E4E1C2-B550-4636-8B6F-7356171F5A79}.Release|Any CPU.ActiveCfg = Release|Any CPU
		{65E4E1C2-B550-4636-8B6F-7356171F5A79}.Release|Any CPU.Build.0 = Release|Any CPU
	EndGlobalSection
	GlobalSection(SolutionProperties) = preSolution
		HideSolutionNode = FALSE
	EndGlobalSection
	GlobalSection(ExtensibilityGlobals) = postSolution
		SolutionGuid = {C11049E5-C9EB-4644-B49A-CA22073EBB71}
	EndGlobalSection
EndGlobal
